
Microsoft Visual Studio Solution File, Format Version 12.00
# Visual Studio Version 17
VisualStudioVersion = 17.1.32319.34
MinimumVisualStudioVersion = 10.0.40219.1
Project("{FAE04EC0-301F-11D3-BF4B-00C04F79EFBC}") = "NumberGame", "NumberGame\NumberGame.csproj", "{2FABBA26-9207-4A9A-B54B-1570967568DC}"
EndProject
Global
	GlobalSection(SolutionConfigurationPlatforms) = preSolution
		Debug|Any CPU = Debug|Any CPU
		Release|Any CPU = Release|Any CPU
	EndGlobalSection
	GlobalSection(ProjectConfigurationPlatforms) = postSolution
		{2FABBA26-9207-4A9A-B54B-1570967568DC}.Debug|Any CPU.ActiveCfg = Debug|Any CPU
		{2FABBA26-9207-4A9A-B54B-1570967568DC}.Debug|Any CPU.Build.0 = Debug|Any CPU
		{2FABBA26-9207-4A9A-B54B-1570967568DC}.Release|Any CPU.ActiveCfg = Release|Any CPU
		{2FABBA26-9207-4A9A-B54B-1570967568DC}.Release|Any CPU.Build.0 = Release|Any CPU
	EndGlobalSection
	GlobalSection(SolutionProperties) = preSolution
		HideSolutionNode = FALSE
	EndGlobalSection
	GlobalSection(ExtensibilityGlobals) = postSolution
		SolutionGuid = {E41A0AD6-D6D5-4FB3-809D-31B416A45666}
	EndGlobalSection
EndGlobal
